
Microsoft Visual Studio Solution File, Format Version 12.00
# Visual Studio Version 17
VisualStudioVersion = 17.12.35309.182
MinimumVisualStudioVersion = 10.0.40219.1
Project("{FAE04EC0-301F-11D3-BF4B-00C04F79EFBC}") = "Bai14", "Bai14.csproj", "{0F24006E-4D80-4F82-96C2-1C89ECACAFA8}"
EndProject
Project("{FAE04EC0-301F-11D3-BF4B-00C04F79EFBC}") = "Bai14.1", "..\Bai14.1\Bai14.1.csproj", "{BE70B830-360D-40ED-9DF6-6907F06A1B84}"
EndProject
Project("{FAE04EC0-301F-11D3-BF4B-00C04F79EFBC}") = "Bai14.2", "..\Bai14.2\Bai14.2.csproj", "{C2AD33CD-895B-40BE-A5C9-921834B5525B}"
EndProject
Project("{FAE04EC0-301F-11D3-BF4B-00C04F79EFBC}") = "Bai15", "..\Bai15\Bai15.csproj", "{85A75281-3958-4883-B336-A7520E875ADD}"
EndProject
Project("{FAE04EC0-301F-11D3-BF4B-00C04F79EFBC}") = "Bai15.1", "..\Bai15.1\Bai15.1.csproj", "{DB7276AC-8D54-474B-BC61-4EEB06095379}"
EndProject
Project("{FAE04EC0-301F-11D3-BF4B-00C04F79EFBC}") = "Bai15.2", "..\Bai15.2\Bai15.2.csproj", "{DA106CA8-449F-4A4F-A8FB-FFC5ECB768BC}"
EndProject
Project("{FAE04EC0-301F-11D3-BF4B-00C04F79EFBC}") = "Bai15.3", "..\Bai15.3\Bai15.3.csproj", "{B4020B80-A959-4CE0-BB22-8DFFE584BED8}"
EndProject
Project("{FAE04EC0-301F-11D3-BF4B-00C04F79EFBC}") = "Bai15.4", "..\Bai15.4\Bai15.4.csproj", "{F3821835-4E2F-4C33-A5CE-BEF02024BAD2}"
EndProject
Project("{FAE04EC0-301F-11D3-BF4B-00C04F79EFBC}") = "Bai15.5", "..\Bai15.5\Bai15.5.csproj", "{A2FFD299-DF4C-416E-B12A-EF3B9DC7A946}"
EndProject
Project("{FAE04EC0-301F-11D3-BF4B-00C04F79EFBC}") = "Bai15.6", "..\Bai15.6\Bai15.6.csproj", "{41FE8B68-73B3-42E9-8CFB-16F605BC087E}"
EndProject
Project("{FAE04EC0-301F-11D3-BF4B-00C04F79EFBC}") = "Bai16", "..\Bai16\Bai16.csproj", "{E7762638-8384-4B55-9498-7A9DBF3C6DAB}"
EndProject
Project("{FAE04EC0-301F-11D3-BF4B-00C04F79EFBC}") = "Bai16.1", "..\Bai16.1\Bai16.1.csproj", "{02386B17-B42D-4A95-B7D9-77522644CDCA}"
EndProject
Project("{FAE04EC0-301F-11D3-BF4B-00C04F79EFBC}") = "Bai17", "..\Bai17\Bai17.csproj", "{416445EB-98D2-4B2B-81E6-F54836434AA3}"
EndProject
Project("{FAE04EC0-301F-11D3-BF4B-00C04F79EFBC}") = "Bai18", "..\Bai18\Bai18.csproj", "{41690224-F720-4BB0-9C11-EAF59B407E19}"
EndProject
Project("{FAE04EC0-301F-11D3-BF4B-00C04F79EFBC}") = "Bai19", "..\Bai19\Bai19.csproj", "{6570FDB9-92D7-48A1-9333-AF9B7F13CCA9}"
EndProject
Project("{FAE04EC0-301F-11D3-BF4B-00C04F79EFBC}") = "Bai20", "..\Bai20\Bai20.csproj", "{F3FB0F58-AF19-4687-BB6C-3D5F2B80D840}"
EndProject
Project("{FAE04EC0-301F-11D3-BF4B-00C04F79EFBC}") = "Bai21", "..\Bai21\Bai21.csproj", "{ACC7FEC9-7407-4DFF-8519-5FC61AF6F04F}"
EndProject
Project("{FAE04EC0-301F-11D3-BF4B-00C04F79EFBC}") = "Bai22", "..\Bai22\Bai22.csproj", "{8F002508-0E26-4ED3-BB83-B0157611428F}"
EndProject
Project("{FAE04EC0-301F-11D3-BF4B-00C04F79EFBC}") = "Bai22.1", "..\Bai22.1\Bai22.1.csproj", "{EAF5FDB1-DF73-41A9-8111-A1985C9AC348}"
EndProject
Global
	GlobalSection(SolutionConfigurationPlatforms) = preSolution
		Debug|Any CPU = Debug|Any CPU
		Release|Any CPU = Release|Any CPU
	EndGlobalSection
	GlobalSection(ProjectConfigurationPlatforms) = postSolution
		{0F24006E-4D80-4F82-96C2-1C89ECACAFA8}.Debug|Any CPU.ActiveCfg = Debug|Any CPU
		{0F24006E-4D80-4F82-96C2-1C89ECACAFA8}.Debug|Any CPU.Build.0 = Debug|Any CPU
		{0F24006E-4D80-4F82-96C2-1C89ECACAFA8}.Release|Any CPU.ActiveCfg = Release|Any CPU
		{0F24006E-4D80-4F82-96C2-1C89ECACAFA8}.Release|Any CPU.Build.0 = Release|Any CPU
		{BE70B830-360D-40ED-9DF6-6907F06A1B84}.Debug|Any CPU.ActiveCfg = Debug|Any CPU
		{BE70B830-360D-40ED-9DF6-6907F06A1B84}.Debug|Any CPU.Build.0 = Debug|Any CPU
		{BE70B830-360D-40ED-9DF6-6907F06A1B84}.Release|Any CPU.ActiveCfg = Release|Any CPU
		{BE70B830-360D-40ED-9DF6-6907F06A1B84}.Release|Any CPU.Build.0 = Release|Any CPU
		{C2AD33CD-895B-40BE-A5C9-921834B5525B}.Debug|Any CPU.ActiveCfg = Debug|Any CPU
		{C2AD33CD-895B-40BE-A5C9-921834B5525B}.Debug|Any CPU.Build.0 = Debug|Any CPU
		{C2AD33CD-895B-40BE-A5C9-921834B5525B}.Release|Any CPU.ActiveCfg = Release|Any CPU
		{C2AD33CD-895B-40BE-A5C9-921834B5525B}.Release|Any CPU.Build.0 = Release|Any CPU
		{85A75281-3958-4883-B336-A7520E875ADD}.Debug|Any CPU.ActiveCfg = Debug|Any CPU
		{85A75281-3958-4883-B336-A7520E875ADD}.Debug|Any CPU.Build.0 = Debug|Any CPU
		{85A75281-3958-4883-B336-A7520E875ADD}.Release|Any CPU.ActiveCfg = Release|Any CPU
		{85A75281-3958-4883-B336-A7520E875ADD}.Release|Any CPU.Build.0 = Release|Any CPU
		{DB7276AC-8D54-474B-BC61-4EEB06095379}.Debug|Any CPU.ActiveCfg = Debug|Any CPU
		{DB7276AC-8D54-474B-BC61-4EEB06095379}.Debug|Any CPU.Build.0 = Debug|Any CPU
		{DB7276AC-8D54-474B-BC61-4EEB06095379}.Release|Any CPU.ActiveCfg = Release|Any CPU
		{DB7276AC-8D54-474B-BC61-4EEB06095379}.Release|Any CPU.Build.0 = Release|Any CPU
		{DA106CA8-449F-4A4F-A8FB-FFC5ECB768BC}.Debug|Any CPU.ActiveCfg = Debug|Any CPU
		{DA106CA8-449F-4A4F-A8FB-FFC5ECB768BC}.Debug|Any CPU.Build.0 = Debug|Any CPU
		{DA106CA8-449F-4A4F-A8FB-FFC5ECB768BC}.Release|Any CPU.ActiveCfg = Release|Any CPU
		{DA106CA8-449F-4A4F-A8FB-FFC5ECB768BC}.Release|Any CPU.Build.0 = Release|Any CPU
		{B4020B80-A959-4CE0-BB22-8DFFE584BED8}.Debug|Any CPU.ActiveCfg = Debug|Any CPU
		{B4020B80-A959-4CE0-BB22-8DFFE584BED8}.Debug|Any CPU.Build.0 = Debug|Any CPU
		{B4020B80-A959-4CE0-BB22-8DFFE584BED8}.Release|Any CPU.ActiveCfg = Release|Any CPU
		{B4020B80-A959-4CE0-BB22-8DFFE584BED8}.Release|Any CPU.Build.0 = Release|Any CPU
		{F3821835-4E2F-4C33-A5CE-BEF02024BAD2}.Debug|Any CPU.ActiveCfg = Debug|Any CPU
		{F3821835-4E2F-4C33-A5CE-BEF02024BAD2}.Debug|Any CPU.Build.0 = Debug|Any CPU
		{F3821835-4E2F-4C33-A5CE-BEF02024BAD2}.Release|Any CPU.ActiveCfg = Release|Any CPU
		{F3821835-4E2F-4C33-A5CE-BEF02024BAD2}.Release|Any CPU.Build.0 = Release|Any CPU
		{A2FFD299-DF4C-416E-B12A-EF3B9DC7A946}.Debug|Any CPU.ActiveCfg = Debug|Any CPU
		{A2FFD299-DF4C-416E-B12A-EF3B9DC7A946}.Debug|Any CPU.Build.0 = Debug|Any CPU
		{A2FFD299-DF4C-416E-B12A-EF3B9DC7A946}.Release|Any CPU.ActiveCfg = Release|Any CPU
		{A2FFD299-DF4C-416E-B12A-EF3B9DC7A946}.Release|Any CPU.Build.0 = Release|Any CPU
		{41FE8B68-73B3-42E9-8CFB-16F605BC087E}.Debug|Any CPU.ActiveCfg = Debug|Any CPU
		{41FE8B68-73B3-42E9-8CFB-16F605BC087E}.Debug|Any CPU.Build.0 = Debug|Any CPU
		{41FE8B68-73B3-42E9-8CFB-16F605BC087E}.Release|Any CPU.ActiveCfg = Release|Any CPU
		{41FE8B68-73B3-42E9-8CFB-16F605BC087E}.Release|Any CPU.Build.0 = Release|Any CPU
		{E7762638-8384-4B55-9498-7A9DBF3C6DAB}.Debug|Any CPU.ActiveCfg = Debug|Any CPU
		{E7762638-8384-4B55-9498-7A9DBF3C6DAB}.Debug|Any CPU.Build.0 = Debug|Any CPU
		{E7762638-8384-4B55-9498-7A9DBF3C6DAB}.Release|Any CPU.ActiveCfg = Release|Any CPU
		{E7762638-8384-4B55-9498-7A9DBF3C6DAB}.Release|Any CPU.Build.0 = Release|Any CPU
		{02386B17-B42D-4A95-B7D9-77522644CDCA}.Debug|Any CPU.ActiveCfg = Debug|Any CPU
		{02386B17-B42D-4A95-B7D9-77522644CDCA}.Debug|Any CPU.Build.0 = Debug|Any CPU
		{02386B17-B42D-4A95-B7D9-77522644CDCA}.Release|Any CPU.ActiveCfg = Release|Any CPU
		{02386B17-B42D-4A95-B7D9-77522644CDCA}.Release|Any CPU.Build.0 = Release|Any CPU
		{416445EB-98D2-4B2B-81E6-F54836434AA3}.Debug|Any CPU.ActiveCfg = Debug|Any CPU
		{416445EB-98D2-4B2B-81E6-F54836434AA3}.Debug|Any CPU.Build.0 = Debug|Any CPU
		{416445EB-98D2-4B2B-81E6-F54836434AA3}.Release|Any CPU.ActiveCfg = Release|Any CPU
		{416445EB-98D2-4B2B-81E6-F54836434AA3}.Release|Any CPU.Build.0 = Release|Any CPU
		{41690224-F720-4BB0-9C11-EAF59B407E19}.Debug|Any CPU.ActiveCfg = Debug|Any CPU
		{41690224-F720-4BB0-9C11-EAF59B407E19}.Debug|Any CPU.Build.0 = Debug|Any CPU
		{41690224-F720-4BB0-9C11-EAF59B407E19}.Release|Any CPU.ActiveCfg = Release|Any CPU
		{41690224-F720-4BB0-9C11-EAF59B407E19}.Release|Any CPU.Build.0 = Release|Any CPU
		{6570FDB9-92D7-48A1-9333-AF9B7F13CCA9}.Debug|Any CPU.ActiveCfg = Debug|Any CPU
		{6570FDB9-92D7-48A1-9333-AF9B7F13CCA9}.Debug|Any CPU.Build.0 = Debug|Any CPU
		{6570FDB9-92D7-48A1-9333-AF9B7F13CCA9}.Release|Any CPU.ActiveCfg = Release|Any CPU
		{6570FDB9-92D7-48A1-9333-AF9B7F13CCA9}.Release|Any CPU.Build.0 = Release|Any CPU
		{F3FB0F58-AF19-4687-BB6C-3D5F2B80D840}.Debug|Any CPU.ActiveCfg = Debug|Any CPU
		{F3FB0F58-AF19-4687-BB6C-3D5F2B80D840}.Debug|Any CPU.Build.0 = Debug|Any CPU
		{F3FB0F58-AF19-4687-BB6C-3D5F2B80D840}.Release|Any CPU.ActiveCfg = Release|Any CPU
		{F3FB0F58-AF19-4687-BB6C-3D5F2B80D840}.Release|Any CPU.Build.0 = Release|Any CPU
		{ACC7FEC9-7407-4DFF-8519-5FC61AF6F04F}.Debug|Any CPU.ActiveCfg = Debug|Any CPU
		{ACC7FEC9-7407-4DFF-8519-5FC61AF6F04F}.Debug|Any CPU.Build.0 = Debug|Any CPU
		{ACC7FEC9-7407-4DFF-8519-5FC61AF6F04F}.Release|Any CPU.ActiveCfg = Release|Any CPU
		{ACC7FEC9-7407-4DFF-8519-5FC61AF6F04F}.Release|Any CPU.Build.0 = Release|Any CPU
		{8F002508-0E26-4ED3-BB83-B0157611428F}.Debug|Any CPU.ActiveCfg = Debug|Any CPU
		{8F002508-0E26-4ED3-BB83-B0157611428F}.Debug|Any CPU.Build.0 = Debug|Any CPU
		{8F002508-0E26-4ED3-BB83-B0157611428F}.Release|Any CPU.ActiveCfg = Release|Any CPU
		{8F002508-0E26-4ED3-BB83-B0157611428F}.Release|Any CPU.Build.0 = Release|Any CPU
		{EAF5FDB1-DF73-41A9-8111-A1985C9AC348}.Debug|Any CPU.ActiveCfg = Debug|Any CPU
		{EAF5FDB1-DF73-41A9-8111-A1985C9AC348}.Debug|Any CPU.Build.0 = Debug|Any CPU
		{EAF5FDB1-DF73-41A9-8111-A1985C9AC348}.Release|Any CPU.ActiveCfg = Release|Any CPU
		{EAF5FDB1-DF73-41A9-8111-A1985C9AC348}.Release|Any CPU.Build.0 = Release|Any CPU
	EndGlobalSection
	GlobalSection(SolutionProperties) = preSolution
		HideSolutionNode = FALSE
	EndGlobalSection
	GlobalSection(ExtensibilityGlobals) = postSolution
		SolutionGuid = {09384D6B-5628-45F2-AC5C-3625018D21A8}
	EndGlobalSection
EndGlobal
