
Microsoft Visual Studio Solution File, Format Version 12.00
# Visual Studio Version 17
VisualStudioVersion = 17.12.35309.182
MinimumVisualStudioVersion = 10.0.40219.1
Project("{FAE04EC0-301F-11D3-BF4B-00C04F79EFBC}") = "Bai1", "Bai1.csproj", "{908051BF-FFAE-4182-8E4D-B5F974FC9F8E}"
EndProject
Global
	GlobalSection(SolutionConfigurationPlatforms) = preSolution
		Debug|Any CPU = Debug|Any CPU
		Release|Any CPU = Release|Any CPU
	EndGlobalSection
	GlobalSection(ProjectConfigurationPlatforms) = postSolution
		{908051BF-FFAE-4182-8E4D-B5F974FC9F8E}.Debug|Any CPU.ActiveCfg = Debug|Any CPU
		{908051BF-FFAE-4182-8E4D-B5F974FC9F8E}.Debug|Any CPU.Build.0 = Debug|Any CPU
		{908051BF-FFAE-4182-8E4D-B5F974FC9F8E}.Release|Any CPU.ActiveCfg = Release|Any CPU
		{908051BF-FFAE-4182-8E4D-B5F974FC9F8E}.Release|Any CPU.Build.0 = Release|Any CPU
	EndGlobalSection
	GlobalSection(SolutionProperties) = preSolution
		HideSolutionNode = FALSE
	EndGlobalSection
	GlobalSection(ExtensibilityGlobals) = postSolution
		SolutionGuid = {77729054-2C32-478C-8489-57F8B41CA57E}
	EndGlobalSection
EndGlobal
